// !$*UTF8*$!
{
	archiveVersion = 1;
	classes = {
	};
	objectVersion = 48;
	objects = {

/* Begin PBXBuildFile section */
		CF9A1AAF207E333800C18615 /* AppDelegate.m in Sources */ = {isa = PBXBuildFile; fileRef = CF9A1AAE207E333800C18615 /* AppDelegate.m */; };
		CF9A1AB2207E333800C18615 /* ViewController.m in Sources */ = {isa = PBXBuildFile; fileRef = CF9A1AB1207E333800C18615 /* ViewController.m */; };
		CF9A1AB5207E333800C18615 /* Main.storyboard in Resources */ = {isa = PBXBuildFile; fileRef = CF9A1AB3207E333800C18615 /* Main.storyboard */; };
		CF9A1AB7207E333800C18615 /* Assets.xcassets in Resources */ = {isa = PBXBuildFile; fileRef = CF9A1AB6207E333800C18615 /* Assets.xcassets */; };
		CF9A1ABA207E333800C18615 /* LaunchScreen.storyboard in Resources */ = {isa = PBXBuildFile; fileRef = CF9A1AB8207E333800C18615 /* LaunchScreen.storyboard */; };
		CF9A1ABD207E333800C18615 /* main.m in Sources */ = {isa = PBXBuildFile; fileRef = CF9A1ABC207E333800C18615 /* main.m */; };
/* End PBXBuildFile section */

/* Begin PBXFileReference section */
		CF9A1AAA207E333800C18615 /* 团购.app */ = {isa = PBXFileReference; explicitFileType = wrapper.application; includeInIndex = 0; path = "团购.app"; sourceTree = BUILT_PRODUCTS_DIR; };
		CF9A1AAD207E333800C18615 /* AppDelegate.h */ = {isa = PBXFileReference; lastKnownFileType = sourcecode.c.h; path = AppDelegate.h; sourceTree = "<group>"; };
		CF9A1AAE207E333800C18615 /* AppDelegate.m */ = {isa = PBXFileReference; lastKnownFileType = sourcecode.c.objc; path = AppDelegate.m; sourceTree = "<group>"; };
		CF9A1AB0207E333800C18615 /* ViewController.h */ = {isa = PBXFileReference; lastKnownFileType = sourcecode.c.h; path = ViewController.h; sourceTree = "<group>"; };
		CF9A1AB1207E333800C18615 /* ViewController.m */ = {isa = PBXFileReference; lastKnownFileType = sourcecode.c.objc; path = ViewController.m; sourceTree = "<group>"; };
		CF9A1AB4207E333800C18615 /* Base */ = {isa = PBXFileReference; lastKnownFileType = file.storyboard; name = Base; path = Base.lproj/Main.storyboard; sourceTree = "<group>"; };
		CF9A1AB6207E333800C18615 /* Assets.xcassets */ = {isa = PBXFileReference; lastKnownFileType = folder.assetcatalog; path = Assets.xcassets; sourceTree = "<group>"; };
		CF9A1AB9207E333800C18615 /* Base */ = {isa = PBXFileReference; lastKnownFileType = file.storyboard; name = Base; path = Base.lproj/LaunchScreen.storyboard; sourceTree = "<group>"; };
		CF9A1ABB207E333800C18615 /* Info.plist */ = {isa = PBXFileReference; lastKnownFileType = text.plist.xml; path = Info.plist; sourceTree = "<group>"; };
		CF9A1ABC207E333800C18615 /* main.m */ = {isa = PBXFileReference; lastKnownFileType = sourcecode.c.objc; path = main.m; sourceTree = "<group>"; };
/* End PBXFileReference section */

/* Begin PBXFrameworksBuildPhase section */
		CF9A1AA7207E333800C18615 /* Frameworks */ = {
			isa = PBXFrameworksBuildPhase;
			buildActionMask = 2147483647;
			files = (
			);
			runOnlyForDeploymentPostprocessing = 0;
		};
/* End PBXFrameworksBuildPhase section */

/* Begin PBXGroup section */
		CF9A1AA1207E333800C18615 = {
			isa = PBXGroup;
			children = (
				CF9A1AAC207E333800C18615 /* 团购 */,
				CF9A1AAB207E333800C18615 /* Products */,
			);
			sourceTree = "<group>";
		};
		CF9A1AAB207E333800C18615 /* Products */ = {
			isa = PBXGroup;
			children = (
				CF9A1AAA207E333800C18615 /* 团购.app */,
			);
			name = Products;
			sourceTree = "<group>";
		};
		CF9A1AAC207E333800C18615 /* 团购 */ = {
			isa = PBXGroup;
			children = (
				CF9A1AAD207E333800C18615 /* AppDelegate.h */,
				CF9A1AAE207E333800C18615 /* AppDelegate.m */,
				CF9A1AB0207E333800C18615 /* ViewController.h */,
				CF9A1AB1207E333800C18615 /* ViewController.m */,
				CF9A1AB3207E333800C18615 /* Main.storyboard */,
				CF9A1AB6207E333800C18615 /* Assets.xcassets */,
				CF9A1AB8207E333800C18615 /* LaunchScreen.storyboard */,
				CF9A1ABB207E333800C18615 /* Info.plist */,
				CF9A1ABC207E333800C18615 /* main.m */,
			);
			path = "团购";
			sourceTree = "<group>";
		};
/* End PBXGroup section */

/* Begin PBXNativeTarget section */
		CF9A1AA9207E333800C18615 /* 团购 */ = {
			isa = PBXNativeTarget;
			buildConfigurationList = CF9A1AC0207E333800C18615 /* Build configuration list for PBXNativeTarget "团购" */;
			buildPhases = (
				CF9A1AA6207E333800C18615 /* Sources */,
				CF9A1AA7207E333800C18615 /* Frameworks */,
				CF9A1AA8207E333800C18615 /* Resources */,
			);
			buildRules = (
			);
			dependencies = (
			);
			name = "团购";
			productName = "团购";
			productReference = CF9A1AAA207E333800C18615 /* 团购.app */;
			productType = "com.apple.product-type.application";
		};
/* End PBXNativeTarget section */

/* Begin PBXProject section */
		CF9A1AA2207E333800C18615 /* Project object */ = {
			isa = PBXProject;
			attributes = {
				LastUpgradeCheck = 0920;
				ORGANIZATIONNAME = "杨绍军";
				TargetAttributes = {
					CF9A1AA9207E333800C18615 = {
						CreatedOnToolsVersion = 9.2;
						ProvisioningStyle = Automatic;
					};
				};
			};
			buildConfigurationList = CF9A1AA5207E333800C18615 /* Build configuration list for PBXProject "团购" */;
			compatibilityVersion = "Xcode 8.0";
			developmentRegion = en;
			hasScannedForEncodings = 0;
			knownRegions = (
				en,
				Base,
			);
			mainGroup = CF9A1AA1207E333800C18615;
			productRefGroup = CF9A1AAB207E333800C18615 /* Products */;
			projectDirPath = "";
			projectRoot = "";
			targets = (
				CF9A1AA9207E333800C18615 /* 团购 */,
			);
		};
/* End PBXProject section */

/* Begin PBXResourcesBuildPhase section */
		CF9A1AA8207E333800C18615 /* Resources */ = {
			isa = PBXResourcesBuildPhase;
			buildActionMask = 2147483647;
			files = (
				CF9A1ABA207E333800C18615 /* LaunchScreen.storyboard in Resources */,
				CF9A1AB7207E333800C18615 /* Assets.xcassets in Resources */,
				CF9A1AB5207E333800C18615 /* Main.storyboard in Resources */,
			);
			runOnlyForDeploymentPostprocessing = 0;
		};
/* End PBXResourcesBuildPhase section */

/* Begin PBXSourcesBuildPhase section */
		CF9A1AA6207E333800C18615 /* Sources */ = {
			isa = PBXSourcesBuildPhase;
			buildActionMask = 2147483647;
			files = (
				CF9A1AB2207E333800C18615 /* ViewController.m in Sources */,
				CF9A1ABD207E333800C18615 /* main.m in Sources */,
				CF9A1AAF207E333800C18615 /* AppDelegate.m in Sources */,
			);
			runOnlyForDeploymentPostprocessing = 0;
		};
/* End PBXSourcesBuildPhase section */

/* Begin PBXVariantGroup section */
		CF9A1AB3207E333800C18615 /* Main.storyboard */ = {
			isa = PBXVariantGroup;
			children = (
				CF9A1AB4207E333800C18615 /* Base */,
			);
			name = Main.storyboard;
			sourceTree = "<group>";
		};
		CF9A1AB8207E333800C18615 /* LaunchScreen.storyboard */ = {
			isa = PBXVariantGroup;
			children = (
				CF9A1AB9207E333800C18615 /* Base */,
			);
			name = LaunchScreen.storyboard;
			sourceTree = "<group>";
		};
/* End PBXVariantGroup section */

/* Begin XCBuildConfiguration section */
		CF9A1ABE207E333800C18615 /* Debug */ = {
			isa = XCBuildConfiguration;
			buildSettings = {
				ALWAYS_SEARCH_USER_PATHS = NO;
				CLANG_ANALYZER_NONNULL = YES;
				CLANG_ANALYZER_NUMBER_OBJECT_CONVERSION = YES_AGGRESSIVE;
				CLANG_CXX_LANGUAGE_STANDARD = "gnu++14";
				CLANG_CXX_LIBRARY = "libc++";
				CLANG_ENABLE_MODULES = YES;
				CLANG_ENABLE_OBJC_ARC = YES;
				CLANG_WARN_BLOCK_CAPTURE_AUTORELEASING = YES;
				CLANG_WARN_BOOL_CONVERSION = YES;
				CLANG_WARN_COMMA = YES;
				CLANG_WARN_CONSTANT_CONVERSION = YES;
				CLANG_WARN_DIRECT_OBJC_ISA_USAGE = YES_ERROR;
				CLANG_WARN_DOCUMENTATION_COMMENTS = YES;
				CLANG_WARN_EMPTY_BODY = YES;
				CLANG_WARN_ENUM_CONVERSION = YES;
				CLANG_WARN_INFINITE_RECURSION = YES;
				CLANG_WARN_INT_CONVERSION = YES;
				CLANG_WARN_NON_LITERAL_NULL_CONVERSION = YES;
				CLANG_WARN_OBJC_LITERAL_CONVERSION = YES;
				CLANG_WARN_OBJC_ROOT_CLASS = YES_ERROR;
				CLANG_WARN_RANGE_LOOP_ANALYSIS = YES;
				CLANG_WARN_STRICT_PROTOTYPES = YES;
				CLANG_WARN_SUSPICIOUS_MOVE = YES;
				CLANG_WARN_UNGUARDED_AVAILABILITY = YES_AGGRESSIVE;
				CLANG_WARN_UNREACHABLE_CODE = YES;
				CLANG_WARN__DUPLICATE_METHOD_MATCH = YES;
				CODE_SIGN_IDENTITY = "iPhone Developer";
				COPY_PHASE_STRIP = NO;
				DEBUG_INFORMATION_FORMAT = dwarf;
				ENABLE_STRICT_OBJC_MSGSEND = YES;
				ENABLE_TESTABILITY = YES;
				GCC_C_LANGUAGE_STANDARD = gnu11;
				GCC_DYNAMIC_NO_PIC = NO;
				GCC_NO_COMMON_BLOCKS = YES;
				GCC_OPTIMIZATION_LEVEL = 0;
				GCC_PREPROCESSOR_DEFINITIONS = (
					"DEBUG=1",
					"$(inherited)",
				);
				GCC_WARN_64_TO_32_BIT_CONVERSION = YES;
				GCC_WARN_ABOUT_RETURN_TYPE = YES_ERROR;
				GCC_WARN_UNDECLARED_SELECTOR = YES;
				GCC_WARN_UNINITIALIZED_AUTOS = YES_AGGRESSIVE;
				GCC_WARN_UNUSED_FUNCTION = YES;
				GCC_WARN_UNUSED_VARIABLE = YES;
				IPHONEOS_DEPLOYMENT_TARGET = 11.2;
				MTL_ENABLE_DEBUG_INFO = YES;
				ONLY_ACTIVE_ARCH = YES;
				SDKROOT = iphoneos;
			};
			name = Debug;
		};
		CF9A1ABF207E333800C18615 /* Release */ = {
			isa = XCBuildConfiguration;
			buildSettings = {
				ALWAYS_SEARCH_USER_PATHS = NO;
				CLANG_ANALYZER_NONNULL = YES;
				CLANG_ANALYZER_NUMBER_OBJECT_CONVERSION = YES_AGGRESSIVE;
				CLANG_CXX_LANGUAGE_STANDARD = "gnu++14";
				CLANG_CXX_LIBRARY = "libc++";
				CLANG_ENABLE_MODULES = YES;
				CLANG_ENABLE_OBJC_ARC = YES;
				CLANG_WARN_BLOCK_CAPTURE_AUTORELEASING = YES;
				CLANG_WARN_BOOL_CONVERSION = YES;
				CLANG_WARN_COMMA = YES;
				CLANG_WARN_CONSTANT_CONVERSION = YES;
				CLANG_WARN_DIRECT_OBJC_ISA_USAGE = YES_ERROR;
				CLANG_WARN_DOCUMENTATION_COMMENTS = YES;
				CLANG_WARN_EMPTY_BODY = YES;
				CLANG_WARN_ENUM_CONVERSION = YES;
				CLANG_WARN_INFINITE_RECURSION = YES;
				CLANG_WARN_INT_CONVERSION = YES;
				CLANG_WARN_NON_LITERAL_NULL_CONVERSION = YES;
				CLANG_WARN_OBJC_LITERAL_CONVERSION = YES;
				CLANG_WARN_OBJC_ROOT_CLASS = YES_ERROR;
				CLANG_WARN_RANGE_LOOP_ANALYSIS = YES;
				CLANG_WARN_STRICT_PROTOTYPES = YES;
				CLANG_WARN_SUSPICIOUS_MOVE = YES;
				CLANG_WARN_UNGUARDED_AVAILABILITY = YES_AGGRESSIVE;
				CLANG_WARN_UNREACHABLE_CODE = YES;
				CLANG_WARN__DUPLICATE_METHOD_MATCH = YES;
				CODE_SIGN_IDENTITY = "iPhone Developer";
				COPY_PHASE_STRIP = NO;
				DEBUG_INFORMATION_FORMAT = "dwarf-with-dsym";
				ENABLE_NS_ASSERTIONS = NO;
				ENABLE_STRICT_OBJC_MSGSEND = YES;
				GCC_C_LANGUAGE_STANDARD = gnu11;
				GCC_NO_COMMON_BLOCKS = YES;
				GCC_WARN_64_TO_32_BIT_CONVERSION = YES;
				GCC_WARN_ABOUT_RETURN_TYPE = YES_ERROR;
				GCC_WARN_UNDECLARED_SELECTOR = YES;
				GCC_WARN_UNINITIALIZED_AUTOS = YES_AGGRESSIVE;
				GCC_WARN_UNUSED_FUNCTION = YES;
				GCC_WARN_UNUSED_VARIABLE = YES;
				IPHONEOS_DEPLOYMENT_TARGET = 11.2;
				MTL_ENABLE_DEBUG_INFO = NO;
				SDKROOT = iphoneos;
				VALIDATE_PRODUCT = YES;
			};
			name = Release;
		};
		CF9A1AC1207E333800C18615 /* Debug */ = {
			isa = XCBuildConfiguration;
			buildSettings = {
				ASSETCATALOG_COMPILER_APPICON_NAME = AppIcon;
				CODE_SIGN_STYLE = Automatic;
				DEVELOPMENT_TEAM = 27TMM9TBR7;
				INFOPLIST_FILE = "团购/Info.plist";
				LD_RUNPATH_SEARCH_PATHS = "$(inherited) @executable_path/Frameworks";
				PRODUCT_BUNDLE_IDENTIFIER = "com.yangshaojun.ios.--";
				PRODUCT_NAME = "$(TARGET_NAME)";
				TARGETED_DEVICE_FAMILY = "1,2";
			};
			name = Debug;
		};
		CF9A1AC2207E333800C18615 /* Release */ = {
			isa = XCBuildConfiguration;
			buildSettings = {
				ASSETCATALOG_COMPILER_APPICON_NAME = AppIcon;
				CODE_SIGN_STYLE = Automatic;
				DEVELOPMENT_TEAM = 27TMM9TBR7;
				INFOPLIST_FILE = "团购/Info.plist";
				LD_RUNPATH_SEARCH_PATHS = "$(inherited) @executable_path/Frameworks";
				PRODUCT_BUNDLE_IDENTIFIER = "com.yangshaojun.ios.--";
				PRODUCT_NAME = "$(TARGET_NAME)";
				TARGETED_DEVICE_FAMILY = "1,2";
			};
			name = Release;
		};
/* End XCBuildConfiguration section */

/* Begin XCConfigurationList section */
		CF9A1AA5207E333800C18615 /* Build configuration list for PBXProject "团购" */ = {
			isa = XCConfigurationList;
			buildConfigurations = (
				CF9A1ABE207E333800C18615 /* Debug */,
				CF9A1ABF207E333800C18615 /* Release */,
			);
			defaultConfigurationIsVisible = 0;
			defaultConfigurationName = Release;
		};
		CF9A1AC0207E333800C18615 /* Build configuration list for PBXNativeTarget "团购" */ = {
			isa = XCConfigurationList;
			buildConfigurations = (
				CF9A1AC1207E333800C18615 /* Debug */,
				CF9A1AC2207E333800C18615 /* Release */,
			);
			defaultConfigurationIsVisible = 0;
			defaultConfigurationName = Release;
		};
/* End XCConfigurationList section */
	};
	rootObject = CF9A1AA2207E333800C18615 /* Project object */;
}
